
Microsoft Visual Studio Solution File, Format Version 12.00
# Visual Studio Version 17
VisualStudioVersion = 17.6.33815.320
MinimumVisualStudioVersion = 10.0.40219.1
Project("{FAE04EC0-301F-11D3-BF4B-00C04F79EFBC}") = "SimpleGauageControl", "SimpleGauageControl\SimpleGauageControl.csproj", "{EF2F6645-B7EC-4BFB-B8DA-DDD2D2877802}"
EndProject
Global
	GlobalSection(SolutionConfigurationPlatforms) = preSolution
		Debug|Any CPU = Debug|Any CPU
		Release|Any CPU = Release|Any CPU
	EndGlobalSection
	GlobalSection(ProjectConfigurationPlatforms) = postSolution
		{EF2F6645-B7EC-4BFB-B8DA-DDD2D2877802}.Debug|Any CPU.ActiveCfg = Debug|Any CPU
		{EF2F6645-B7EC-4BFB-B8DA-DDD2D2877802}.Debug|Any CPU.Build.0 = Debug|Any CPU
		{EF2F6645-B7EC-4BFB-B8DA-DDD2D2877802}.Release|Any CPU.ActiveCfg = Release|Any CPU
		{EF2F6645-B7EC-4BFB-B8DA-DDD2D2877802}.Release|Any CPU.Build.0 = Release|Any CPU
	EndGlobalSection
	GlobalSection(SolutionProperties) = preSolution
		HideSolutionNode = FALSE
	EndGlobalSection
	GlobalSection(ExtensibilityGlobals) = postSolution
		SolutionGuid = {3233F917-B915-4E51-A030-8EEE2D9D37A3}
	EndGlobalSection
EndGlobal
